
Microsoft Visual Studio Solution File, Format Version 12.00
# Visual Studio Version 16
VisualStudioVersion = 16.0.30717.126
MinimumVisualStudioVersion = 10.0.40219.1
Project("{FAE04EC0-301F-11D3-BF4B-00C04F79EFBC}") = "BookListRazor", "BookListRazor.csproj", "{7F02EA1B-E099-49C9-A694-B788CEAA0E0C}"
EndProject
Global
	GlobalSection(SolutionConfigurationPlatforms) = preSolution
		Debug|Any CPU = Debug|Any CPU
		Release|Any CPU = Release|Any CPU
	EndGlobalSection
	GlobalSection(ProjectConfigurationPlatforms) = postSolution
		{7F02EA1B-E099-49C9-A694-B788CEAA0E0C}.Debug|Any CPU.ActiveCfg = Debug|Any CPU
		{7F02EA1B-E099-49C9-A694-B788CEAA0E0C}.Debug|Any CPU.Build.0 = Debug|Any CPU
		{7F02EA1B-E099-49C9-A694-B788CEAA0E0C}.Release|Any CPU.ActiveCfg = Release|Any CPU
		{7F02EA1B-E099-49C9-A694-B788CEAA0E0C}.Release|Any CPU.Build.0 = Release|Any CPU
	EndGlobalSection
	GlobalSection(SolutionProperties) = preSolution
		HideSolutionNode = FALSE
	EndGlobalSection
	GlobalSection(ExtensibilityGlobals) = postSolution
		SolutionGuid = {7E95CD99-E1B1-4156-ACBA-8F30B9AEA187}
	EndGlobalSection
EndGlobal
